// !$*UTF8*$!
{
	archiveVersion = 1;
	classes = {
	};
	objectVersion = 46;
	objects = {

/* Begin PBXBuildFile section */
		40A8DE341E767D9D0076C079 /* AppDelegate.swift in Sources */ = {isa = PBXBuildFile; fileRef = 40A8DE331E767D9D0076C079 /* AppDelegate.swift */; };
		40A8DE391E767D9D0076C079 /* Main.storyboard in Resources */ = {isa = PBXBuildFile; fileRef = 40A8DE371E767D9D0076C079 /* Main.storyboard */; };
		40A8DE3B1E767D9D0076C079 /* Assets.xcassets in Resources */ = {isa = PBXBuildFile; fileRef = 40A8DE3A1E767D9D0076C079 /* Assets.xcassets */; };
		40A8DE3E1E767D9D0076C079 /* LaunchScreen.storyboard in Resources */ = {isa = PBXBuildFile; fileRef = 40A8DE3C1E767D9D0076C079 /* LaunchScreen.storyboard */; };
/* End PBXBuildFile section */

/* Begin PBXFileReference section */
		40A8DE301E767D9D0076C079 /* AEM_LB.app */ = {isa = PBXFileReference; explicitFileType = wrapper.application; includeInIndex = 0; path = AEM_LB.app; sourceTree = BUILT_PRODUCTS_DIR; };
		40A8DE331E767D9D0076C079 /* AppDelegate.swift */ = {isa = PBXFileReference; lastKnownFileType = sourcecode.swift; path = AppDelegate.swift; sourceTree = "<group>"; };
		40A8DE381E767D9D0076C079 /* Base */ = {isa = PBXFileReference; lastKnownFileType = file.storyboard; name = Base; path = Base.lproj/Main.storyboard; sourceTree = "<group>"; };
		40A8DE3A1E767D9D0076C079 /* Assets.xcassets */ = {isa = PBXFileReference; lastKnownFileType = folder.assetcatalog; path = Assets.xcassets; sourceTree = "<group>"; };
		40A8DE3D1E767D9D0076C079 /* Base */ = {isa = PBXFileReference; lastKnownFileType = file.storyboard; name = Base; path = Base.lproj/LaunchScreen.storyboard; sourceTree = "<group>"; };
		40A8DE3F1E767D9D0076C079 /* Info.plist */ = {isa = PBXFileReference; lastKnownFileType = text.plist.xml; path = Info.plist; sourceTree = "<group>"; };
/* End PBXFileReference section */

/* Begin PBXFrameworksBuildPhase section */
		40A8DE2D1E767D9D0076C079 /* Frameworks */ = {
			isa = PBXFrameworksBuildPhase;
			buildActionMask = 2147483647;
			files = (
			);
			runOnlyForDeploymentPostprocessing = 0;
		};
/* End PBXFrameworksBuildPhase section */

/* Begin PBXGroup section */
		40A8DE271E767D9D0076C079 = {
			isa = PBXGroup;
			children = (
				40A8DE321E767D9D0076C079 /* AEM_LB */,
				40A8DE311E767D9D0076C079 /* Products */,
			);
			sourceTree = "<group>";
		};
		40A8DE311E767D9D0076C079 /* Products */ = {
			isa = PBXGroup;
			children = (
				40A8DE301E767D9D0076C079 /* AEM_LB.app */,
			);
			name = Products;
			sourceTree = "<group>";
		};
		40A8DE321E767D9D0076C079 /* AEM_LB */ = {
			isa = PBXGroup;
			children = (
				40A8DE451E768E1E0076C079 /* Cleasses */,
				40A8DE331E767D9D0076C079 /* AppDelegate.swift */,
				40A8DE371E767D9D0076C079 /* Main.storyboard */,
				40A8DE3A1E767D9D0076C079 /* Assets.xcassets */,
				40A8DE3C1E767D9D0076C079 /* LaunchScreen.storyboard */,
				40A8DE3F1E767D9D0076C079 /* Info.plist */,
			);
			path = AEM_LB;
			sourceTree = "<group>";
		};
		40A8DE451E768E1E0076C079 /* Cleasses */ = {
			isa = PBXGroup;
			children = (
				40A8DE481E768E640076C079 /* Tools */,
				40A8DE461E768E1E0076C079 /* Home */,
				40A8DE471E768E1E0076C079 /* Main */,
			);
			path = Cleasses;
			sourceTree = "<group>";
		};
		40A8DE461E768E1E0076C079 /* Home */ = {
			isa = PBXGroup;
			children = (
			);
			path = Home;
			sourceTree = "<group>";
		};
		40A8DE471E768E1E0076C079 /* Main */ = {
			isa = PBXGroup;
			children = (
			);
			path = Main;
			sourceTree = "<group>";
		};
		40A8DE481E768E640076C079 /* Tools */ = {
			isa = PBXGroup;
			children = (
			);
			path = Tools;
			sourceTree = "<group>";
		};
/* End PBXGroup section */

/* Begin PBXNativeTarget section */
		40A8DE2F1E767D9D0076C079 /* AEM_LB */ = {
			isa = PBXNativeTarget;
			buildConfigurationList = 40A8DE421E767D9D0076C079 /* Build configuration list for PBXNativeTarget "AEM_LB" */;
			buildPhases = (
				40A8DE2C1E767D9D0076C079 /* Sources */,
				40A8DE2D1E767D9D0076C079 /* Frameworks */,
				40A8DE2E1E767D9D0076C079 /* Resources */,
			);
			buildRules = (
			);
			dependencies = (
			);
			name = AEM_LB;
			productName = AEM_LB;
			productReference = 40A8DE301E767D9D0076C079 /* AEM_LB.app */;
			productType = "com.apple.product-type.application";
		};
/* End PBXNativeTarget section */

/* Begin PBXProject section */
		40A8DE281E767D9D0076C079 /* Project object */ = {
			isa = PBXProject;
			attributes = {
				LastSwiftUpdateCheck = 0820;
				LastUpgradeCheck = 0820;
				ORGANIZATIONNAME = bin;
				TargetAttributes = {
					40A8DE2F1E767D9D0076C079 = {
						CreatedOnToolsVersion = 8.2;
						ProvisioningStyle = Automatic;
					};
				};
			};
			buildConfigurationList = 40A8DE2B1E767D9D0076C079 /* Build configuration list for PBXProject "AEM_LB" */;
			compatibilityVersion = "Xcode 3.2";
			developmentRegion = English;
			hasScannedForEncodings = 0;
			knownRegions = (
				en,
				Base,
			);
			mainGroup = 40A8DE271E767D9D0076C079;
			productRefGroup = 40A8DE311E767D9D0076C079 /* Products */;
			projectDirPath = "";
			projectRoot = "";
			targets = (
				40A8DE2F1E767D9D0076C079 /* AEM_LB */,
			);
		};
/* End PBXProject section */

/* Begin PBXResourcesBuildPhase section */
		40A8DE2E1E767D9D0076C079 /* Resources */ = {
			isa = PBXResourcesBuildPhase;
			buildActionMask = 2147483647;
			files = (
				40A8DE3E1E767D9D0076C079 /* LaunchScreen.storyboard in Resources */,
				40A8DE3B1E767D9D0076C079 /* Assets.xcassets in Resources */,
				40A8DE391E767D9D0076C079 /* Main.storyboard in Resources */,
			);
			runOnlyForDeploymentPostprocessing = 0;
		};
/* End PBXResourcesBuildPhase section */

/* Begin PBXSourcesBuildPhase section */
		40A8DE2C1E767D9D0076C079 /* Sources */ = {
			isa = PBXSourcesBuildPhase;
			buildActionMask = 2147483647;
			files = (
				40A8DE341E767D9D0076C079 /* AppDelegate.swift in Sources */,
			);
			runOnlyForDeploymentPostprocessing = 0;
		};
/* End PBXSourcesBuildPhase section */

/* Begin PBXVariantGroup section */
		40A8DE371E767D9D0076C079 /* Main.storyboard */ = {
			isa = PBXVariantGroup;
			children = (
				40A8DE381E767D9D0076C079 /* Base */,
			);
			name = Main.storyboard;
			sourceTree = "<group>";
		};
		40A8DE3C1E767D9D0076C079 /* LaunchScreen.storyboard */ = {
			isa = PBXVariantGroup;
			children = (
				40A8DE3D1E767D9D0076C079 /* Base */,
			);
			name = LaunchScreen.storyboard;
			sourceTree = "<group>";
		};
/* End PBXVariantGroup section */

/* Begin XCBuildConfiguration section */
		40A8DE401E767D9D0076C079 /* Debug */ = {
			isa = XCBuildConfiguration;
			buildSettings = {
				ALWAYS_SEARCH_USER_PATHS = NO;
				CLANG_ANALYZER_NONNULL = YES;
				CLANG_CXX_LANGUAGE_STANDARD = "gnu++0x";
				CLANG_CXX_LIBRARY = "libc++";
				CLANG_ENABLE_MODULES = YES;
				CLANG_ENABLE_OBJC_ARC = YES;
				CLANG_WARN_BOOL_CONVERSION = YES;
				CLANG_WARN_CONSTANT_CONVERSION = YES;
				CLANG_WARN_DIRECT_OBJC_ISA_USAGE = YES_ERROR;
				CLANG_WARN_DOCUMENTATION_COMMENTS = YES;
				CLANG_WARN_EMPTY_BODY = YES;
				CLANG_WARN_ENUM_CONVERSION = YES;
				CLANG_WARN_INFINITE_RECURSION = YES;
				CLANG_WARN_INT_CONVERSION = YES;
				CLANG_WARN_OBJC_ROOT_CLASS = YES_ERROR;
				CLANG_WARN_SUSPICIOUS_MOVE = YES;
				CLANG_WARN_UNREACHABLE_CODE = YES;
				CLANG_WARN__DUPLICATE_METHOD_MATCH = YES;
				"CODE_SIGN_IDENTITY[sdk=iphoneos*]" = "iPhone Developer";
				COPY_PHASE_STRIP = NO;
				DEBUG_INFORMATION_FORMAT = dwarf;
				ENABLE_STRICT_OBJC_MSGSEND = YES;
				ENABLE_TESTABILITY = YES;
				GCC_C_LANGUAGE_STANDARD = gnu99;
				GCC_DYNAMIC_NO_PIC = NO;
				GCC_NO_COMMON_BLOCKS = YES;
				GCC_OPTIMIZATION_LEVEL = 0;
				GCC_PREPROCESSOR_DEFINITIONS = (
					"DEBUG=1",
					"$(inherited)",
				);
				GCC_WARN_64_TO_32_BIT_CONVERSION = YES;
				GCC_WARN_ABOUT_RETURN_TYPE = YES_ERROR;
				GCC_WARN_UNDECLARED_SELECTOR = YES;
				GCC_WARN_UNINITIALIZED_AUTOS = YES_AGGRESSIVE;
				GCC_WARN_UNUSED_FUNCTION = YES;
				GCC_WARN_UNUSED_VARIABLE = YES;
				IPHONEOS_DEPLOYMENT_TARGET = 10.2;
				MTL_ENABLE_DEBUG_INFO = YES;
				ONLY_ACTIVE_ARCH = YES;
				SDKROOT = iphoneos;
				SWIFT_ACTIVE_COMPILATION_CONDITIONS = DEBUG;
				SWIFT_OPTIMIZATION_LEVEL = "-Onone";
				TARGETED_DEVICE_FAMILY = "1,2";
			};
			name = Debug;
		};
		40A8DE411E767D9D0076C079 /* Release */ = {
			isa = XCBuildConfiguration;
			buildSettings = {
				ALWAYS_SEARCH_USER_PATHS = NO;
				CLANG_ANALYZER_NONNULL = YES;
				CLANG_CXX_LANGUAGE_STANDARD = "gnu++0x";
				CLANG_CXX_LIBRARY = "libc++";
				CLANG_ENABLE_MODULES = YES;
				CLANG_ENABLE_OBJC_ARC = YES;
				CLANG_WARN_BOOL_CONVERSION = YES;
				CLANG_WARN_CONSTANT_CONVERSION = YES;
				CLANG_WARN_DIRECT_OBJC_ISA_USAGE = YES_ERROR;
				CLANG_WARN_DOCUMENTATION_COMMENTS = YES;
				CLANG_WARN_EMPTY_BODY = YES;
				CLANG_WARN_ENUM_CONVERSION = YES;
				CLANG_WARN_INFINITE_RECURSION = YES;
				CLANG_WARN_INT_CONVERSION = YES;
				CLANG_WARN_OBJC_ROOT_CLASS = YES_ERROR;
				CLANG_WARN_SUSPICIOUS_MOVE = YES;
				CLANG_WARN_UNREACHABLE_CODE = YES;
				CLANG_WARN__DUPLICATE_METHOD_MATCH = YES;
				"CODE_SIGN_IDENTITY[sdk=iphoneos*]" = "iPhone Developer";
				COPY_PHASE_STRIP = NO;
				DEBUG_INFORMATION_FORMAT = "dwarf-with-dsym";
				ENABLE_NS_ASSERTIONS = NO;
				ENABLE_STRICT_OBJC_MSGSEND = YES;
				GCC_C_LANGUAGE_STANDARD = gnu99;
				GCC_NO_COMMON_BLOCKS = YES;
				GCC_WARN_64_TO_32_BIT_CONVERSION = YES;
				GCC_WARN_ABOUT_RETURN_TYPE = YES_ERROR;
				GCC_WARN_UNDECLARED_SELECTOR = YES;
				GCC_WARN_UNINITIALIZED_AUTOS = YES_AGGRESSIVE;
				GCC_WARN_UNUSED_FUNCTION = YES;
				GCC_WARN_UNUSED_VARIABLE = YES;
				IPHONEOS_DEPLOYMENT_TARGET = 10.2;
				MTL_ENABLE_DEBUG_INFO = NO;
				SDKROOT = iphoneos;
				SWIFT_OPTIMIZATION_LEVEL = "-Owholemodule";
				TARGETED_DEVICE_FAMILY = "1,2";
				VALIDATE_PRODUCT = YES;
			};
			name = Release;
		};
		40A8DE431E767D9D0076C079 /* Debug */ = {
			isa = XCBuildConfiguration;
			buildSettings = {
				ASSETCATALOG_COMPILER_APPICON_NAME = AppIcon;
				ASSETCATALOG_COMPILER_LAUNCHIMAGE_NAME = LaunchImage;
				INFOPLIST_FILE = AEM_LB/Info.plist;
				LD_RUNPATH_SEARCH_PATHS = "$(inherited) @executable_path/Frameworks";
				PRODUCT_BUNDLE_IDENTIFIER = "bin-fatal--unable-to-auto-detect-email-address--got--liubin-localhost.-none---.AEM-LB";
				PRODUCT_NAME = "$(TARGET_NAME)";
				SWIFT_VERSION = 3.0;
			};
			name = Debug;
		};
		40A8DE441E767D9D0076C079 /* Release */ = {
			isa = XCBuildConfiguration;
			buildSettings = {
				ASSETCATALOG_COMPILER_APPICON_NAME = AppIcon;
				ASSETCATALOG_COMPILER_LAUNCHIMAGE_NAME = LaunchImage;
				INFOPLIST_FILE = AEM_LB/Info.plist;
				LD_RUNPATH_SEARCH_PATHS = "$(inherited) @executable_path/Frameworks";
				PRODUCT_BUNDLE_IDENTIFIER = "bin-fatal--unable-to-auto-detect-email-address--got--liubin-localhost.-none---.AEM-LB";
				PRODUCT_NAME = "$(TARGET_NAME)";
				SWIFT_VERSION = 3.0;
			};
			name = Release;
		};
/* End XCBuildConfiguration section */

/* Begin XCConfigurationList section */
		40A8DE2B1E767D9D0076C079 /* Build configuration list for PBXProject "AEM_LB" */ = {
			isa = XCConfigurationList;
			buildConfigurations = (
				40A8DE401E767D9D0076C079 /* Debug */,
				40A8DE411E767D9D0076C079 /* Release */,
			);
			defaultConfigurationIsVisible = 0;
			defaultConfigurationName = Release;
		};
		40A8DE421E767D9D0076C079 /* Build configuration list for PBXNativeTarget "AEM_LB" */ = {
			isa = XCConfigurationList;
			buildConfigurations = (
				40A8DE431E767D9D0076C079 /* Debug */,
				40A8DE441E767D9D0076C079 /* Release */,
			);
			defaultConfigurationIsVisible = 0;
			defaultConfigurationName = Release;
		};
/* End XCConfigurationList section */
	};
	rootObject = 40A8DE281E767D9D0076C079 /* Project object */;
}
